
Microsoft Visual Studio Solution File, Format Version 12.00
# Visual Studio Version 17
VisualStudioVersion = 17.7.34031.279
MinimumVisualStudioVersion = 10.0.40219.1
Project("{FAE04EC0-301F-11D3-BF4B-00C04F79EFBC}") = "Turner_OOPBank", "Turner_OOPBank\Turner_OOPBank.csproj", "{FA2AB13D-C530-4E3C-8B05-C1304DCA3659}"
EndProject
Global
	GlobalSection(SolutionConfigurationPlatforms) = preSolution
		Debug|Any CPU = Debug|Any CPU
		Release|Any CPU = Release|Any CPU
	EndGlobalSection
	GlobalSection(ProjectConfigurationPlatforms) = postSolution
		{FA2AB13D-C530-4E3C-8B05-C1304DCA3659}.Debug|Any CPU.ActiveCfg = Debug|Any CPU
		{FA2AB13D-C530-4E3C-8B05-C1304DCA3659}.Debug|Any CPU.Build.0 = Debug|Any CPU
		{FA2AB13D-C530-4E3C-8B05-C1304DCA3659}.Release|Any CPU.ActiveCfg = Release|Any CPU
		{FA2AB13D-C530-4E3C-8B05-C1304DCA3659}.Release|Any CPU.Build.0 = Release|Any CPU
	EndGlobalSection
	GlobalSection(SolutionProperties) = preSolution
		HideSolutionNode = FALSE
	EndGlobalSection
	GlobalSection(ExtensibilityGlobals) = postSolution
		SolutionGuid = {49B04125-163E-4B55-9FEC-300B71E60870}
	EndGlobalSection
EndGlobal
